
Microsoft Visual Studio Solution File, Format Version 12.00
# Visual Studio Version 17
VisualStudioVersion = 17.7.34024.191
MinimumVisualStudioVersion = 10.0.40219.1
Project("{2150E333-8FDC-42A3-9474-1A3956D46DE8}") = "src", "src", "{72474686-29A1-48B8-9BBB-846B0C1124F3}"
EndProject
Project("{2150E333-8FDC-42A3-9474-1A3956D46DE8}") = "Building Blocks", "Building Blocks", "{1F8A00AA-1FD5-4C1C-B6C0-6B0851BC639D}"
EndProject
Project("{2150E333-8FDC-42A3-9474-1A3956D46DE8}") = "Services", "Services", "{7E755B3F-6CA2-403E-9AB1-69B863770A91}"
EndProject
Project("{2150E333-8FDC-42A3-9474-1A3956D46DE8}") = "Web", "Web", "{02CBDB75-2E7B-421C-A66C-3FF20129C8C9}"
EndProject
Project("{2150E333-8FDC-42A3-9474-1A3956D46DE8}") = "Identity", "Identity", "{6FD7E92E-A133-4FE9-8A79-44ED3A95D482}"
EndProject
Project("{2150E333-8FDC-42A3-9474-1A3956D46DE8}") = "MVC", "MVC", "{A166D12E-8650-43B1-A26C-D89C391A26C8}"
EndProject
Project("{2150E333-8FDC-42A3-9474-1A3956D46DE8}") = "Core", "Core", "{AE0F912C-A8C7-4893-8E3D-F053B25ED338}"
EndProject
Project("{2150E333-8FDC-42A3-9474-1A3956D46DE8}") = "StockMarket", "StockMarket", "{1E826093-C651-4178-B072-B373B9847507}"
EndProject
Project("{2150E333-8FDC-42A3-9474-1A3956D46DE8}") = "Assets", "Assets", "{A63E8993-8D76-4727-B682-66F362F9845A}"
EndProject
Project("{2150E333-8FDC-42A3-9474-1A3956D46DE8}") = "Database Builder", "Database Builder", "{0FBF496A-940E-4DA7-B009-6BA8226001B1}"
EndProject
Project("{9A19103F-16F7-4668-BE54-9A1E7A4F7556}") = "IME.Core", "src\building blocks\IME.Core\IME.Core.csproj", "{A2C56C24-E8F7-465B-A3B3-BFD1364A5191}"
EndProject
Project("{9A19103F-16F7-4668-BE54-9A1E7A4F7556}") = "IME.DatabaseBuilder", "src\building blocks\IME.DatabaseBuilder\IME.DatabaseBuilder.csproj", "{F39C6C41-CF1F-4126-84BA-7055FE58CF7B}"
EndProject
Project("{9A19103F-16F7-4668-BE54-9A1E7A4F7556}") = "IME.Identity.API", "src\services\IME.Identity.API\IME.Identity.API.csproj", "{0A75C5B2-2C06-42A5-B485-8EF5DDCA23FC}"
EndProject
Project("{9A19103F-16F7-4668-BE54-9A1E7A4F7556}") = "IME.StockMarket.API", "src\services\IME.Stockmarket.API\IME.StockMarket.API.csproj", "{8AFB7DC1-600A-4DE2-A5BF-47BBA47EAC54}"
EndProject
Project("{9A19103F-16F7-4668-BE54-9A1E7A4F7556}") = "IME.WebApp.MVC", "src\web\IME.WebApp.MVC\IME.WebApp.MVC.csproj", "{2C20886A-E511-4BD4-B95F-D474457EDD8C}"
EndProject
Project("{9A19103F-16F7-4668-BE54-9A1E7A4F7556}") = "IME.DatabaseBuilder.MVC", "src\web\IME.DatabaseBuilder.MVC\IME.DatabaseBuilder.MVC.csproj", "{B5B4753A-D1D2-4BB3-A5FC-B7DE76BF93CE}"
EndProject
Global
	GlobalSection(SolutionConfigurationPlatforms) = preSolution
		Debug|Any CPU = Debug|Any CPU
		Release|Any CPU = Release|Any CPU
	EndGlobalSection
	GlobalSection(ProjectConfigurationPlatforms) = postSolution
		{A2C56C24-E8F7-465B-A3B3-BFD1364A5191}.Debug|Any CPU.ActiveCfg = Debug|Any CPU
		{A2C56C24-E8F7-465B-A3B3-BFD1364A5191}.Debug|Any CPU.Build.0 = Debug|Any CPU
		{A2C56C24-E8F7-465B-A3B3-BFD1364A5191}.Release|Any CPU.ActiveCfg = Release|Any CPU
		{A2C56C24-E8F7-465B-A3B3-BFD1364A5191}.Release|Any CPU.Build.0 = Release|Any CPU
		{F39C6C41-CF1F-4126-84BA-7055FE58CF7B}.Debug|Any CPU.ActiveCfg = Debug|Any CPU
		{F39C6C41-CF1F-4126-84BA-7055FE58CF7B}.Debug|Any CPU.Build.0 = Debug|Any CPU
		{F39C6C41-CF1F-4126-84BA-7055FE58CF7B}.Release|Any CPU.ActiveCfg = Release|Any CPU
		{F39C6C41-CF1F-4126-84BA-7055FE58CF7B}.Release|Any CPU.Build.0 = Release|Any CPU
		{0A75C5B2-2C06-42A5-B485-8EF5DDCA23FC}.Debug|Any CPU.ActiveCfg = Debug|Any CPU
		{0A75C5B2-2C06-42A5-B485-8EF5DDCA23FC}.Debug|Any CPU.Build.0 = Debug|Any CPU
		{0A75C5B2-2C06-42A5-B485-8EF5DDCA23FC}.Release|Any CPU.ActiveCfg = Release|Any CPU
		{0A75C5B2-2C06-42A5-B485-8EF5DDCA23FC}.Release|Any CPU.Build.0 = Release|Any CPU
		{8AFB7DC1-600A-4DE2-A5BF-47BBA47EAC54}.Debug|Any CPU.ActiveCfg = Debug|Any CPU
		{8AFB7DC1-600A-4DE2-A5BF-47BBA47EAC54}.Debug|Any CPU.Build.0 = Debug|Any CPU
		{8AFB7DC1-600A-4DE2-A5BF-47BBA47EAC54}.Release|Any CPU.ActiveCfg = Release|Any CPU
		{8AFB7DC1-600A-4DE2-A5BF-47BBA47EAC54}.Release|Any CPU.Build.0 = Release|Any CPU
		{2C20886A-E511-4BD4-B95F-D474457EDD8C}.Debug|Any CPU.ActiveCfg = Debug|Any CPU
		{2C20886A-E511-4BD4-B95F-D474457EDD8C}.Debug|Any CPU.Build.0 = Debug|Any CPU
		{2C20886A-E511-4BD4-B95F-D474457EDD8C}.Release|Any CPU.ActiveCfg = Release|Any CPU
		{2C20886A-E511-4BD4-B95F-D474457EDD8C}.Release|Any CPU.Build.0 = Release|Any CPU
		{B5B4753A-D1D2-4BB3-A5FC-B7DE76BF93CE}.Debug|Any CPU.ActiveCfg = Debug|Any CPU
		{B5B4753A-D1D2-4BB3-A5FC-B7DE76BF93CE}.Debug|Any CPU.Build.0 = Debug|Any CPU
		{B5B4753A-D1D2-4BB3-A5FC-B7DE76BF93CE}.Release|Any CPU.ActiveCfg = Release|Any CPU
		{B5B4753A-D1D2-4BB3-A5FC-B7DE76BF93CE}.Release|Any CPU.Build.0 = Release|Any CPU
	EndGlobalSection
	GlobalSection(SolutionProperties) = preSolution
		HideSolutionNode = FALSE
	EndGlobalSection
	GlobalSection(NestedProjects) = preSolution
		{1F8A00AA-1FD5-4C1C-B6C0-6B0851BC639D} = {72474686-29A1-48B8-9BBB-846B0C1124F3}
		{7E755B3F-6CA2-403E-9AB1-69B863770A91} = {72474686-29A1-48B8-9BBB-846B0C1124F3}
		{02CBDB75-2E7B-421C-A66C-3FF20129C8C9} = {72474686-29A1-48B8-9BBB-846B0C1124F3}
		{6FD7E92E-A133-4FE9-8A79-44ED3A95D482} = {7E755B3F-6CA2-403E-9AB1-69B863770A91}
		{A166D12E-8650-43B1-A26C-D89C391A26C8} = {02CBDB75-2E7B-421C-A66C-3FF20129C8C9}
		{AE0F912C-A8C7-4893-8E3D-F053B25ED338} = {1F8A00AA-1FD5-4C1C-B6C0-6B0851BC639D}
		{1E826093-C651-4178-B072-B373B9847507} = {7E755B3F-6CA2-403E-9AB1-69B863770A91}
		{A63E8993-8D76-4727-B682-66F362F9845A} = {7E755B3F-6CA2-403E-9AB1-69B863770A91}
		{0FBF496A-940E-4DA7-B009-6BA8226001B1} = {1F8A00AA-1FD5-4C1C-B6C0-6B0851BC639D}
		{A2C56C24-E8F7-465B-A3B3-BFD1364A5191} = {AE0F912C-A8C7-4893-8E3D-F053B25ED338}
		{F39C6C41-CF1F-4126-84BA-7055FE58CF7B} = {0FBF496A-940E-4DA7-B009-6BA8226001B1}
		{0A75C5B2-2C06-42A5-B485-8EF5DDCA23FC} = {6FD7E92E-A133-4FE9-8A79-44ED3A95D482}
		{8AFB7DC1-600A-4DE2-A5BF-47BBA47EAC54} = {1E826093-C651-4178-B072-B373B9847507}
		{2C20886A-E511-4BD4-B95F-D474457EDD8C} = {A166D12E-8650-43B1-A26C-D89C391A26C8}
		{B5B4753A-D1D2-4BB3-A5FC-B7DE76BF93CE} = {A166D12E-8650-43B1-A26C-D89C391A26C8}
	EndGlobalSection
	GlobalSection(ExtensibilityGlobals) = postSolution
		SolutionGuid = {8653B20A-070A-483A-8830-6D7106D2AE1E}
	EndGlobalSection
EndGlobal
